
Microsoft Visual Studio Solution File, Format Version 12.00
# Visual Studio 2013
VisualStudioVersion = 12.0.40629.0
MinimumVisualStudioVersion = 10.0.40219.1
Project("{FAE04EC0-301F-11D3-BF4B-00C04F79EFBC}") = "Kts.Remoting.Tests", "Kts.Remoting.Tests\Kts.Remoting.Tests.csproj", "{402094FE-5A7F-4106-8E77-87F2F3E18FD2}"
EndProject
Project("{FAE04EC0-301F-11D3-BF4B-00C04F79EFBC}") = "Kts.Remoting.Shared", "Kts.Remoting.Shared\Kts.Remoting.Shared.csproj", "{ED7A2881-CC9E-45EA-964E-8B5BDD70CB21}"
EndProject
Project("{FAE04EC0-301F-11D3-BF4B-00C04F79EFBC}") = "Kts.Remoting.WebSocketSharp", "Kts.Remoting.WebSocketSharp\Kts.Remoting.WebSocketSharp.csproj", "{4B9045CF-837E-4FE8-94A0-44B99FCF67D4}"
EndProject
Project("{FAE04EC0-301F-11D3-BF4B-00C04F79EFBC}") = "Kts.Remoting.NetMQ", "Kts.Remoting.NetMQ\Kts.Remoting.NetMQ.csproj", "{930C91FD-B371-4EF6-A314-5CEFE28A155A}"
EndProject
Project("{FAE04EC0-301F-11D3-BF4B-00C04F79EFBC}") = "Kts.Remoting.SystemWebsockets", "Kts.Remoting.SystemWebsockets\Kts.Remoting.SystemWebsockets.csproj", "{9BEAD492-469F-43A8-915F-E56DE522D959}"
EndProject
Project("{FAE04EC0-301F-11D3-BF4B-00C04F79EFBC}") = "Kts.Remoting.Owin", "Kts.Remoting.Owin\Kts.Remoting.Owin.csproj", "{C58D1FC3-F22F-4D24-9748-32E03B4B47A1}"
EndProject
Project("{FAE04EC0-301F-11D3-BF4B-00C04F79EFBC}") = "Kts.Remoting.Vtortola", "Kts.Remoting.Vtortola\Kts.Remoting.Vtortola.csproj", "{FB6794C2-E1B0-40DD-B7EB-49B0B8B2E49A}"
EndProject
Project("{FAE04EC0-301F-11D3-BF4B-00C04F79EFBC}") = "Kts.Remoting.WebSocket4Net", "Kts.Remoting.WebSocket4Net\Kts.Remoting.WebSocket4Net.csproj", "{0A89DB04-6185-4DCC-95D7-AF554B636A64}"
EndProject
Project("{FAE04EC0-301F-11D3-BF4B-00C04F79EFBC}") = "Kts.Remoting.Benchmarks", "Kts.Remoting.Benchmarks\Kts.Remoting.Benchmarks.csproj", "{01CCD78D-C956-4441-9317-69B371A79D4B}"
EndProject
Project("{FAE04EC0-301F-11D3-BF4B-00C04F79EFBC}") = "Kts.Remoting.ConnextDDS", "Kts.Remoting.ConnextDDS\Kts.Remoting.ConnextDDS.csproj", "{C6689E48-1811-4A65-ADFC-C1F8853CDFC8}"
EndProject
Project("{FAE04EC0-301F-11D3-BF4B-00C04F79EFBC}") = "Kts.Remoting.Udt", "Kts.Remoting.Udt\Kts.Remoting.Udt.csproj", "{185CDE32-4759-4C6F-9757-7C92E3770137}"
EndProject
Project("{2150E333-8FDC-42A3-9474-1A3956D46DE8}") = ".nuget", ".nuget", "{6CEEB61A-AD8E-4789-87B1-AEE78FE4253A}"
	ProjectSection(SolutionItems) = preProject
		.nuget\packages.config = .nuget\packages.config
	EndProjectSection
EndProject
Global
	GlobalSection(SolutionConfigurationPlatforms) = preSolution
		Debug|Any CPU = Debug|Any CPU
		Release|Any CPU = Release|Any CPU
	EndGlobalSection
	GlobalSection(ProjectConfigurationPlatforms) = postSolution
		{402094FE-5A7F-4106-8E77-87F2F3E18FD2}.Debug|Any CPU.ActiveCfg = Debug|Any CPU
		{402094FE-5A7F-4106-8E77-87F2F3E18FD2}.Debug|Any CPU.Build.0 = Debug|Any CPU
		{402094FE-5A7F-4106-8E77-87F2F3E18FD2}.Release|Any CPU.ActiveCfg = Release|Any CPU
		{402094FE-5A7F-4106-8E77-87F2F3E18FD2}.Release|Any CPU.Build.0 = Release|Any CPU
		{ED7A2881-CC9E-45EA-964E-8B5BDD70CB21}.Debug|Any CPU.ActiveCfg = Debug|Any CPU
		{ED7A2881-CC9E-45EA-964E-8B5BDD70CB21}.Debug|Any CPU.Build.0 = Debug|Any CPU
		{ED7A2881-CC9E-45EA-964E-8B5BDD70CB21}.Release|Any CPU.ActiveCfg = Release|Any CPU
		{ED7A2881-CC9E-45EA-964E-8B5BDD70CB21}.Release|Any CPU.Build.0 = Release|Any CPU
		{4B9045CF-837E-4FE8-94A0-44B99FCF67D4}.Debug|Any CPU.ActiveCfg = Debug|Any CPU
		{4B9045CF-837E-4FE8-94A0-44B99FCF67D4}.Debug|Any CPU.Build.0 = Debug|Any CPU
		{4B9045CF-837E-4FE8-94A0-44B99FCF67D4}.Release|Any CPU.ActiveCfg = Release|Any CPU
		{4B9045CF-837E-4FE8-94A0-44B99FCF67D4}.Release|Any CPU.Build.0 = Release|Any CPU
		{930C91FD-B371-4EF6-A314-5CEFE28A155A}.Debug|Any CPU.ActiveCfg = Debug|Any CPU
		{930C91FD-B371-4EF6-A314-5CEFE28A155A}.Debug|Any CPU.Build.0 = Debug|Any CPU
		{930C91FD-B371-4EF6-A314-5CEFE28A155A}.Release|Any CPU.ActiveCfg = Release|Any CPU
		{930C91FD-B371-4EF6-A314-5CEFE28A155A}.Release|Any CPU.Build.0 = Release|Any CPU
		{9BEAD492-469F-43A8-915F-E56DE522D959}.Debug|Any CPU.ActiveCfg = Debug|Any CPU
		{9BEAD492-469F-43A8-915F-E56DE522D959}.Debug|Any CPU.Build.0 = Debug|Any CPU
		{9BEAD492-469F-43A8-915F-E56DE522D959}.Release|Any CPU.ActiveCfg = Release|Any CPU
		{9BEAD492-469F-43A8-915F-E56DE522D959}.Release|Any CPU.Build.0 = Release|Any CPU
		{C58D1FC3-F22F-4D24-9748-32E03B4B47A1}.Debug|Any CPU.ActiveCfg = Debug|Any CPU
		{C58D1FC3-F22F-4D24-9748-32E03B4B47A1}.Debug|Any CPU.Build.0 = Debug|Any CPU
		{C58D1FC3-F22F-4D24-9748-32E03B4B47A1}.Release|Any CPU.ActiveCfg = Release|Any CPU
		{C58D1FC3-F22F-4D24-9748-32E03B4B47A1}.Release|Any CPU.Build.0 = Release|Any CPU
		{FB6794C2-E1B0-40DD-B7EB-49B0B8B2E49A}.Debug|Any CPU.ActiveCfg = Debug|Any CPU
		{FB6794C2-E1B0-40DD-B7EB-49B0B8B2E49A}.Debug|Any CPU.Build.0 = Debug|Any CPU
		{FB6794C2-E1B0-40DD-B7EB-49B0B8B2E49A}.Release|Any CPU.ActiveCfg = Release|Any CPU
		{FB6794C2-E1B0-40DD-B7EB-49B0B8B2E49A}.Release|Any CPU.Build.0 = Release|Any CPU
		{0A89DB04-6185-4DCC-95D7-AF554B636A64}.Debug|Any CPU.ActiveCfg = Debug|Any CPU
		{0A89DB04-6185-4DCC-95D7-AF554B636A64}.Debug|Any CPU.Build.0 = Debug|Any CPU
		{0A89DB04-6185-4DCC-95D7-AF554B636A64}.Release|Any CPU.ActiveCfg = Release|Any CPU
		{0A89DB04-6185-4DCC-95D7-AF554B636A64}.Release|Any CPU.Build.0 = Release|Any CPU
		{01CCD78D-C956-4441-9317-69B371A79D4B}.Debug|Any CPU.ActiveCfg = Debug|Any CPU
		{01CCD78D-C956-4441-9317-69B371A79D4B}.Debug|Any CPU.Build.0 = Debug|Any CPU
		{01CCD78D-C956-4441-9317-69B371A79D4B}.Release|Any CPU.ActiveCfg = Release|Any CPU
		{01CCD78D-C956-4441-9317-69B371A79D4B}.Release|Any CPU.Build.0 = Release|Any CPU
		{C6689E48-1811-4A65-ADFC-C1F8853CDFC8}.Debug|Any CPU.ActiveCfg = Debug|Any CPU
		{C6689E48-1811-4A65-ADFC-C1F8853CDFC8}.Debug|Any CPU.Build.0 = Debug|Any CPU
		{C6689E48-1811-4A65-ADFC-C1F8853CDFC8}.Release|Any CPU.ActiveCfg = Release|Any CPU
		{C6689E48-1811-4A65-ADFC-C1F8853CDFC8}.Release|Any CPU.Build.0 = Release|Any CPU
		{185CDE32-4759-4C6F-9757-7C92E3770137}.Debug|Any CPU.ActiveCfg = Debug|Any CPU
		{185CDE32-4759-4C6F-9757-7C92E3770137}.Debug|Any CPU.Build.0 = Debug|Any CPU
		{185CDE32-4759-4C6F-9757-7C92E3770137}.Release|Any CPU.ActiveCfg = Release|Any CPU
		{185CDE32-4759-4C6F-9757-7C92E3770137}.Release|Any CPU.Build.0 = Release|Any CPU
	EndGlobalSection
	GlobalSection(SolutionProperties) = preSolution
		HideSolutionNode = FALSE
	EndGlobalSection
EndGlobal
